{
  "nodes": {
    "naersk": {
      "inputs": {
        "nixpkgs": "nixpkgs"
      },
      "locked": {
        "lastModified": 1595240294,
        "narHash": "sha256-pLIbAvNT7wpxsLYT4O3KT5Q5e3axrxlGZinCnOMPLVk=",
        "owner": "nmattia",
        "repo": "naersk",
        "rev": "dcee40445cfe301ced2d1b11290d6a94ff3aadb9",
        "type": "github"
      },
      "original": {
        "owner": "nmattia",
        "ref": "master",
        "repo": "naersk",
        "type": "github"
      }
    },
    "nixpkgs": {
      "locked": {
        "lastModified": 1596879421,
        "narHash": "sha256-D6cmbkxYpRu2INu+f0xS2yI6JOv+eUfUrzj5CCogwns=",
        "owner": "NixOS",
        "repo": "nixpkgs",
        "rev": "3317fb0b7755c237dd42a4283bce281d7786afba",
        "type": "github"
      },
      "original": {
        "id": "nixpkgs",
        "type": "indirect"
      }
    },
    "nixpkgs_2": {
      "locked": {
        "lastModified": 1593718460,
        "narHash": "sha256-uuuZjY0i6hJx+wlkAkGvIiBsiRaUsGpl5aN9EDu2Dv0=",
        "owner": "NixOS",
        "repo": "nixpkgs",
        "rev": "3b4df94aeb6e215085d08e3d5b0edc1313b9f584",
        "type": "github"
      },
      "original": {
        "owner": "NixOS",
        "ref": "nixpkgs-unstable",
        "repo": "nixpkgs",
        "type": "github"
      }
    },
    "root": {
      "inputs": {
        "naersk": "naersk",
        "nixpkgs": "nixpkgs_2",
        "utils": "utils"
      }
    },
    "utils": {
      "locked": {
        "lastModified": 1593533949,
        "narHash": "sha256-j5OH1uR8Mu/NqYH44+gnPln0eoGNNahxl0qNSYNi0Og=",
        "owner": "numtide",
        "repo": "flake-utils",
        "rev": "400fa6d9af95481440d8d69a6b49de5901936730",
        "type": "github"
      },
      "original": {
        "owner": "numtide",
        "repo": "flake-utils",
        "type": "github"
      }
    }
  },
  "root": "root",
  "version": 7
}
